
Microsoft Visual Studio Solution File, Format Version 12.00
# Visual Studio Version 17
VisualStudioVersion = 17.11.35312.102
MinimumVisualStudioVersion = 10.0.40219.1
Project("{FAE04EC0-301F-11D3-BF4B-00C04F79EFBC}") = "ProyectoFinal", "ProyectoFinal\ProyectoFinal.csproj", "{041AC392-D993-4210-95C4-E4A3423A8846}"
EndProject
Global
	GlobalSection(SolutionConfigurationPlatforms) = preSolution
		Debug|Any CPU = Debug|Any CPU
		Release|Any CPU = Release|Any CPU
	EndGlobalSection
	GlobalSection(ProjectConfigurationPlatforms) = postSolution
		{041AC392-D993-4210-95C4-E4A3423A8846}.Debug|Any CPU.ActiveCfg = Debug|Any CPU
		{041AC392-D993-4210-95C4-E4A3423A8846}.Debug|Any CPU.Build.0 = Debug|Any CPU
		{041AC392-D993-4210-95C4-E4A3423A8846}.Release|Any CPU.ActiveCfg = Release|Any CPU
		{041AC392-D993-4210-95C4-E4A3423A8846}.Release|Any CPU.Build.0 = Release|Any CPU
	EndGlobalSection
	GlobalSection(SolutionProperties) = preSolution
		HideSolutionNode = FALSE
	EndGlobalSection
	GlobalSection(ExtensibilityGlobals) = postSolution
		SolutionGuid = {179B3DD1-4E22-47D8-BF9C-EE4427E97D83}
	EndGlobalSection
EndGlobal
